
Microsoft Visual Studio Solution File, Format Version 12.00
# Visual Studio 15
Project("{FAE04EC0-301F-11D3-BF4B-00C04F79EFBC}") = "Assembly-CSharp", "Assembly-CSharp.csproj", "{DB496979-897A-AB89-A447-64555201FB3A}"
EndProject
Project("{FAE04EC0-301F-11D3-BF4B-00C04F79EFBC}") = "Assembly-CSharp-firstpass", "Assembly-CSharp-firstpass.csproj", "{EB912476-A37D-663C-0DE0-A91D3101F3B5}"
EndProject
Project("{FAE04EC0-301F-11D3-BF4B-00C04F79EFBC}") = "Assembly-CSharp-Editor-firstpass", "Assembly-CSharp-Editor-firstpass.csproj", "{BC18C106-1955-C6A9-65B2-49096A3C4DE7}"
EndProject
Project("{FAE04EC0-301F-11D3-BF4B-00C04F79EFBC}") = "Assembly-CSharp-Editor", "Assembly-CSharp-Editor.csproj", "{6120D421-258C-4AF1-B35C-1065C418B3BC}"
EndProject
Global
	GlobalSection(SolutionConfigurationPlatforms) = preSolution
		Debug|Any CPU = Debug|Any CPU
		Release|Any CPU = Release|Any CPU
	EndGlobalSection
	GlobalSection(ProjectConfigurationPlatforms) = postSolution
		{DB496979-897A-AB89-A447-64555201FB3A}.Debug|Any CPU.ActiveCfg = Debug|Any CPU
		{DB496979-897A-AB89-A447-64555201FB3A}.Debug|Any CPU.Build.0 = Debug|Any CPU
		{DB496979-897A-AB89-A447-64555201FB3A}.Release|Any CPU.ActiveCfg = Release|Any CPU
		{DB496979-897A-AB89-A447-64555201FB3A}.Release|Any CPU.Build.0 = Release|Any CPU
		{EB912476-A37D-663C-0DE0-A91D3101F3B5}.Debug|Any CPU.ActiveCfg = Debug|Any CPU
		{EB912476-A37D-663C-0DE0-A91D3101F3B5}.Debug|Any CPU.Build.0 = Debug|Any CPU
		{EB912476-A37D-663C-0DE0-A91D3101F3B5}.Release|Any CPU.ActiveCfg = Release|Any CPU
		{EB912476-A37D-663C-0DE0-A91D3101F3B5}.Release|Any CPU.Build.0 = Release|Any CPU
		{BC18C106-1955-C6A9-65B2-49096A3C4DE7}.Debug|Any CPU.ActiveCfg = Debug|Any CPU
		{BC18C106-1955-C6A9-65B2-49096A3C4DE7}.Debug|Any CPU.Build.0 = Debug|Any CPU
		{BC18C106-1955-C6A9-65B2-49096A3C4DE7}.Release|Any CPU.ActiveCfg = Release|Any CPU
		{BC18C106-1955-C6A9-65B2-49096A3C4DE7}.Release|Any CPU.Build.0 = Release|Any CPU
		{6120D421-258C-4AF1-B35C-1065C418B3BC}.Debug|Any CPU.ActiveCfg = Debug|Any CPU
		{6120D421-258C-4AF1-B35C-1065C418B3BC}.Debug|Any CPU.Build.0 = Debug|Any CPU
		{6120D421-258C-4AF1-B35C-1065C418B3BC}.Release|Any CPU.ActiveCfg = Release|Any CPU
		{6120D421-258C-4AF1-B35C-1065C418B3BC}.Release|Any CPU.Build.0 = Release|Any CPU
	EndGlobalSection
	GlobalSection(SolutionProperties) = preSolution
		HideSolutionNode = FALSE
	EndGlobalSection
EndGlobal
